
Microsoft Visual Studio Solution File, Format Version 12.00
# Visual Studio 15
Project("{FAE04EC0-301F-11D3-BF4B-00C04F79EFBC}") = "TextAdventure", "TextAdventure.csproj", "{ED931971-9276-4C7D-A99B-E0281F49AE61}"
EndProject
Global
	GlobalSection(SolutionConfigurationPlatforms) = preSolution
		Debug|Any CPU = Debug|Any CPU
		Release|Any CPU = Release|Any CPU
	EndGlobalSection
	GlobalSection(ProjectConfigurationPlatforms) = postSolution
		{ED931971-9276-4C7D-A99B-E0281F49AE61}.Debug|Any CPU.ActiveCfg = Debug|Any CPU
		{ED931971-9276-4C7D-A99B-E0281F49AE61}.Debug|Any CPU.Build.0 = Debug|Any CPU
		{ED931971-9276-4C7D-A99B-E0281F49AE61}.Release|Any CPU.ActiveCfg = Release|Any CPU
		{ED931971-9276-4C7D-A99B-E0281F49AE61}.Release|Any CPU.Build.0 = Release|Any CPU
	EndGlobalSection
EndGlobal
